{
  "version": 4,
  "terraform_version": "1.2.2",
  "serial": 389,
  "lineage": "089cbf5a-580f-ee10-d357-ee2aceae7708",
  "outputs": {
    "latest_amazon_linux_ami_id": {
      "value": "ami-09439f09c55136ecf",
      "type": "string"
    },
    "latest_amazon_linux_ami_name": {
      "value": "amzn2-ami-kernel-5.10-hvm-2.0.20220426.0-x86_64-gp2",
      "type": "string"
    },
    "my_instance_arn": {
      "value": "arn:aws:autoscaling:eu-central-1:693307425193:launchConfiguration:e2968951-1d70-48d2-84a2-9cdb729a199c:launchConfigurationName/WebServer-Highly-Available-LC-20220604180628083900000001",
      "type": "string"
    },
    "my_instance_id": {
      "value": "WebServer-Highly-Available-LC-20220604180628083900000001",
      "type": "string"
    },
    "my_sg_id": {
      "value": "sg-0259badc6e9186965",
      "type": "string"
    }
  },
  "resources": [
    {
      "mode": "data",
      "type": "aws_ami",
      "name": "latest_amazon_linux",
      "provider": "provider[\"registry.terraform.io/hashicorp/aws\"]",
      "instances": [
        {
          "schema_version": 0,
          "attributes": {
            "architecture": "x86_64",
            "arn": "arn:aws:ec2:eu-central-1::image/ami-09439f09c55136ecf",
            "block_device_mappings": [
              {
                "device_name": "/dev/xvda",
                "ebs": {
                  "delete_on_termination": "true",
                  "encrypted": "false",
                  "iops": "0",
                  "snapshot_id": "snap-08686fdd791a3120a",
                  "throughput": "0",
                  "volume_size": "8",
                  "volume_type": "gp2"
                },
                "no_device": "",
                "virtual_name": ""
              }
            ],
            "boot_mode": "",
            "creation_date": "2022-04-28T21:51:17.000Z",
            "deprecation_time": "2024-04-28T21:51:17.000Z",
            "description": "Amazon Linux 2 Kernel 5.10 AMI 2.0.20220426.0 x86_64 HVM gp2",
            "ena_support": true,
            "executable_users": null,
            "filter": [
              {
                "name": "name",
                "values": [
                  "amzn2-ami-kernel-5.10-hvm-*-x86_64-gp2"
                ]
              }
            ],
            "hypervisor": "xen",
            "id": "ami-09439f09c55136ecf",
            "image_id": "ami-09439f09c55136ecf",
            "image_location": "amazon/amzn2-ami-kernel-5.10-hvm-2.0.20220426.0-x86_64-gp2",
            "image_owner_alias": "amazon",
            "image_type": "machine",
            "kernel_id": "",
            "most_recent": true,
            "name": "amzn2-ami-kernel-5.10-hvm-2.0.20220426.0-x86_64-gp2",
            "name_regex": null,
            "owner_id": "137112412989",
            "owners": [
              "137112412989"
            ],
            "platform": "",
            "platform_details": "Linux/UNIX",
            "product_codes": [],
            "public": true,
            "ramdisk_id": "",
            "root_device_name": "/dev/xvda",
            "root_device_type": "ebs",
            "root_snapshot_id": "snap-08686fdd791a3120a",
            "sriov_net_support": "simple",
            "state": "available",
            "state_reason": {
              "code": "UNSET",
              "message": "UNSET"
            },
            "tags": {},
            "usage_operation": "RunInstances",
            "virtualization_type": "hvm"
          },
          "sensitive_attributes": []
        }
      ]
    },
    {
      "mode": "data",
      "type": "aws_availability_zones",
      "name": "available",
      "provider": "provider[\"registry.terraform.io/hashicorp/aws\"]",
      "instances": [
        {
          "schema_version": 0,
          "attributes": {
            "all_availability_zones": null,
            "exclude_names": null,
            "exclude_zone_ids": null,
            "filter": null,
            "group_names": [
              "eu-central-1"
            ],
            "id": "eu-central-1",
            "names": [
              "eu-central-1a",
              "eu-central-1b",
              "eu-central-1c"
            ],
            "state": null,
            "zone_ids": [
              "euc1-az2",
              "euc1-az3",
              "euc1-az1"
            ]
          },
          "sensitive_attributes": []
        }
      ]
    },
    {
      "mode": "managed",
      "type": "aws_autoscaling_group",
      "name": "my_webserver",
      "provider": "provider[\"registry.terraform.io/hashicorp/aws\"]",
      "instances": [
        {
          "schema_version": 0,
          "attributes": {
            "arn": "arn:aws:autoscaling:eu-central-1:693307425193:autoScalingGroup:7cfcbf79-4e35-4d8f-a21b-a711f4e2cb1c:autoScalingGroupName/ASG-WebServer-Highly-Available-LC-20220604180628083900000001",
            "availability_zones": [
              "eu-central-1a",
              "eu-central-1b"
            ],
            "capacity_rebalance": false,
            "default_cooldown": 300,
            "desired_capacity": 2,
            "enabled_metrics": [],
            "force_delete": false,
            "force_delete_warm_pool": false,
            "health_check_grace_period": 300,
            "health_check_type": "EC2",
            "id": "ASG-WebServer-Highly-Available-LC-20220604180628083900000001",
            "initial_lifecycle_hook": [],
            "instance_refresh": [],
            "launch_configuration": "WebServer-Highly-Available-LC-20220604180628083900000001",
            "launch_template": [],
            "load_balancers": [],
            "max_instance_lifetime": 0,
            "max_size": 2,
            "metrics_granularity": "1Minute",
            "min_elb_capacity": 2,
            "min_size": 2,
            "mixed_instances_policy": [],
            "name": "ASG-WebServer-Highly-Available-LC-20220604180628083900000001",
            "name_prefix": "ASG-WebServer-Highly-Available-LC-",
            "placement_group": "test",
            "protect_from_scale_in": false,
            "service_linked_role_arn": "arn:aws:iam::693307425193:role/aws-service-role/autoscaling.amazonaws.com/AWSServiceRoleForAutoScaling",
            "suspended_processes": [],
            "tag": [
              {
                "key": "Name",
                "propagate_at_launch": true,
                "value": "WebServer in ASG"
              },
              {
                "key": "Owner",
                "propagate_at_launch": true,
                "value": "Yaroslav"
              },
              {
                "key": "TAGKEY",
                "propagate_at_launch": true,
                "value": "TAGVALUE"
              }
            ],
            "tags": null,
            "target_group_arns": [],
            "termination_policies": [],
            "timeouts": null,
            "vpc_zone_identifier": [
              "subnet-0b16c0ba660184414",
              "subnet-0dc5a4dea1eef2a3b"
            ],
            "wait_for_capacity_timeout": "10m",
            "wait_for_elb_capacity": null,
            "warm_pool": []
          },
          "sensitive_attributes": [],
          "private": "eyJlMmJmYjczMC1lY2FhLTExZTYtOGY4OC0zNDM2M2JjN2M0YzAiOnsiZGVsZXRlIjo2MDAwMDAwMDAwMDB9fQ==",
          "dependencies": [
            "aws_internet_gateway.main",
            "aws_key_pair.deployer",
            "aws_launch_configuration.my_webserver",
            "aws_placement_group.test",
            "aws_security_group.my_sg",
            "aws_subnet.private_az2",
            "aws_subnet.public_az1",
            "aws_vpc.vpc1",
            "data.aws_ami.latest_amazon_linux",
            "data.aws_availability_zones.available"
          ],
          "create_before_destroy": true
        }
      ]
    },
    {
      "mode": "managed",
      "type": "aws_db_instance",
      "name": "default",
      "provider": "provider[\"registry.terraform.io/hashicorp/aws\"]",
      "instances": [
        {
          "schema_version": 1,
          "attributes": {
            "address": "wordpress.cd0jqhpaqshs.eu-central-1.rds.amazonaws.com",
            "allocated_storage": 20,
            "allow_major_version_upgrade": null,
            "apply_immediately": null,
            "arn": "arn:aws:rds:eu-central-1:693307425193:db:wordpress",
            "auto_minor_version_upgrade": true,
            "availability_zone": "eu-central-1a",
            "backup_retention_period": 0,
            "backup_window": "23:33-00:03",
            "ca_cert_identifier": "rds-ca-2019",
            "character_set_name": "",
            "copy_tags_to_snapshot": false,
            "customer_owned_ip_enabled": false,
            "db_name": "My_DB",
            "db_subnet_group_name": "my_sub-gr",
            "delete_automated_backups": true,
            "deletion_protection": false,
            "domain": "",
            "domain_iam_role_name": "",
            "enabled_cloudwatch_logs_exports": [],
            "endpoint": "wordpress.cd0jqhpaqshs.eu-central-1.rds.amazonaws.com:3306",
            "engine": "mysql",
            "engine_version": "8.0",
            "engine_version_actual": "8.0.28",
            "final_snapshot_identifier": "BDfinalsnimok",
            "hosted_zone_id": "Z1RLNUO7B9Q6NB",
            "iam_database_authentication_enabled": false,
            "id": "wordpress",
            "identifier": "wordpress",
            "identifier_prefix": "",
            "instance_class": "db.t2.micro",
            "iops": 0,
            "kms_key_id": "",
            "latest_restorable_time": "0001-01-01T00:00:00Z",
            "license_model": "general-public-license",
            "maintenance_window": "sat:21:36-sat:22:06",
            "max_allocated_storage": 0,
            "monitoring_interval": 0,
            "monitoring_role_arn": "",
            "multi_az": false,
            "name": "My_DB",
            "nchar_character_set_name": "",
            "option_group_name": "default:mysql-8-0",
            "parameter_group_name": "my-rds-pg",
            "password": "pass2022",
            "performance_insights_enabled": false,
            "performance_insights_kms_key_id": "",
            "performance_insights_retention_period": 0,
            "port": 3306,
            "publicly_accessible": true,
            "replica_mode": "",
            "replicas": [],
            "replicate_source_db": "",
            "resource_id": "db-CCJUXCBVAVB6H5NWGE3EGJ3ZWE",
            "restore_to_point_in_time": [],
            "s3_import": [],
            "security_group_names": [],
            "skip_final_snapshot": false,
            "snapshot_identifier": null,
            "status": "available",
            "storage_encrypted": false,
            "storage_type": "gp2",
            "tags": {
              "Name": "MySQL RDS instance",
              "Owner": "Yaroslav",
              "Project": "Pilot project"
            },
            "tags_all": {
              "Name": "MySQL RDS instance",
              "Owner": "Yaroslav",
              "Project": "Pilot project"
            },
            "timeouts": null,
            "timezone": "",
            "username": "admin",
            "vpc_security_group_ids": [
              "sg-0e85f5934489650d9"
            ]
          },
          "sensitive_attributes": [],
          "private": "eyJlMmJmYjczMC1lY2FhLTExZTYtOGY4OC0zNDM2M2JjN2M0YzAiOnsiY3JlYXRlIjoyNDAwMDAwMDAwMDAwLCJkZWxldGUiOjM2MDAwMDAwMDAwMDAsInVwZGF0ZSI6NDgwMDAwMDAwMDAwMH0sInNjaGVtYV92ZXJzaW9uIjoiMSJ9",
          "dependencies": [
            "aws_db_parameter_group.default",
            "aws_db_subnet_group.default",
            "aws_internet_gateway.main",
            "aws_security_group.DB",
            "aws_subnet.private_az2",
            "aws_subnet.public_az1",
            "aws_vpc.vpc1",
            "data.aws_availability_zones.available"
          ]
        }
      ]
    },
    {
      "mode": "managed",
      "type": "aws_db_parameter_group",
      "name": "default",
      "provider": "provider[\"registry.terraform.io/hashicorp/aws\"]",
      "instances": [
        {
          "schema_version": 0,
          "attributes": {
            "arn": "arn:aws:rds:eu-central-1:693307425193:pg:my-rds-pg",
            "description": "Managed by Terraform",
            "family": "mysql8.0",
            "id": "my-rds-pg",
            "name": "my-rds-pg",
            "name_prefix": null,
            "parameter": [
              {
                "apply_method": "immediate",
                "name": "character_set_client",
                "value": "utf8"
              },
              {
                "apply_method": "immediate",
                "name": "character_set_server",
                "value": "utf8"
              }
            ],
            "tags": {},
            "tags_all": {}
          },
          "sensitive_attributes": [],
          "private": "bnVsbA=="
        }
      ]
    },
    {
      "mode": "managed",
      "type": "aws_db_subnet_group",
      "name": "default",
      "provider": "provider[\"registry.terraform.io/hashicorp/aws\"]",
      "instances": [
        {
          "schema_version": 0,
          "attributes": {
            "arn": "arn:aws:rds:eu-central-1:693307425193:subgrp:my_sub-gr",
            "description": "Managed by Terraform",
            "id": "my_sub-gr",
            "name": "my_sub-gr",
            "name_prefix": null,
            "subnet_ids": [
              "subnet-0b16c0ba660184414",
              "subnet-0dc5a4dea1eef2a3b"
            ],
            "tags": {
              "Name": "My DB subnet group",
              "Owner": "Yaroslav",
              "Project": "Pilot project"
            },
            "tags_all": {
              "Name": "My DB subnet group",
              "Owner": "Yaroslav",
              "Project": "Pilot project"
            }
          },
          "sensitive_attributes": [],
          "private": "bnVsbA==",
          "dependencies": [
            "aws_internet_gateway.main",
            "aws_subnet.private_az2",
            "aws_subnet.public_az1",
            "aws_vpc.vpc1",
            "data.aws_availability_zones.available"
          ]
        }
      ]
    },
    {
      "mode": "managed",
      "type": "aws_efs_access_point",
      "name": "EFS_AP",
      "provider": "provider[\"registry.terraform.io/hashicorp/aws\"]",
      "instances": [
        {
          "schema_version": 0,
          "attributes": {
            "arn": "arn:aws:elasticfilesystem:eu-central-1:693307425193:access-point/fsap-0e70d1fd2cb764a27",
            "file_system_arn": "arn:aws:elasticfilesystem:eu-central-1:693307425193:file-system/fs-0bd0bcdc30fd89647",
            "file_system_id": "fs-0bd0bcdc30fd89647",
            "id": "fsap-0e70d1fd2cb764a27",
            "owner_id": "693307425193",
            "posix_user": [],
            "root_directory": [
              {
                "creation_info": [],
                "path": "/"
              }
            ],
            "tags": {
              "Name": "My_EFS_AP",
              "Owner": "Yaroslav",
              "Project": "Pilot project"
            },
            "tags_all": {
              "Name": "My_EFS_AP",
              "Owner": "Yaroslav",
              "Project": "Pilot project"
            }
          },
          "sensitive_attributes": [],
          "private": "bnVsbA==",
          "dependencies": [
            "aws_autoscaling_group.my_webserver",
            "aws_efs_file_system.EFS1",
            "aws_internet_gateway.main",
            "aws_key_pair.deployer",
            "aws_launch_configuration.my_webserver",
            "aws_placement_group.test",
            "aws_security_group.my_sg",
            "aws_subnet.private_az2",
            "aws_subnet.public_az1",
            "aws_vpc.vpc1",
            "data.aws_ami.latest_amazon_linux",
            "data.aws_availability_zones.available"
          ]
        }
      ]
    },
    {
      "mode": "managed",
      "type": "aws_efs_file_system",
      "name": "EFS1",
      "provider": "provider[\"registry.terraform.io/hashicorp/aws\"]",
      "instances": [
        {
          "schema_version": 0,
          "attributes": {
            "arn": "arn:aws:elasticfilesystem:eu-central-1:693307425193:file-system/fs-0bd0bcdc30fd89647",
            "availability_zone_id": "",
            "availability_zone_name": "",
            "creation_token": "my-product",
            "dns_name": "fs-0bd0bcdc30fd89647.efs.eu-central-1.amazonaws.com",
            "encrypted": false,
            "id": "fs-0bd0bcdc30fd89647",
            "kms_key_id": "",
            "lifecycle_policy": [],
            "number_of_mount_targets": 1,
            "owner_id": "693307425193",
            "performance_mode": "generalPurpose",
            "provisioned_throughput_in_mibps": 0,
            "size_in_bytes": [
              {
                "value": 6144,
                "value_in_ia": 0,
                "value_in_standard": 6144
              }
            ],
            "tags": {
              "Name": "My_EFS1",
              "Owner": "Yaroslav",
              "Project": "Pilot project"
            },
            "tags_all": {
              "Name": "My_EFS1",
              "Owner": "Yaroslav",
              "Project": "Pilot project"
            },
            "throughput_mode": "bursting"
          },
          "sensitive_attributes": [],
          "private": "bnVsbA==",
          "dependencies": [
            "aws_autoscaling_group.my_webserver",
            "aws_internet_gateway.main",
            "aws_key_pair.deployer",
            "aws_launch_configuration.my_webserver",
            "aws_placement_group.test",
            "aws_security_group.my_sg",
            "aws_subnet.private_az2",
            "aws_subnet.public_az1",
            "aws_vpc.vpc1",
            "data.aws_ami.latest_amazon_linux",
            "data.aws_availability_zones.available"
          ]
        }
      ]
    },
    {
      "mode": "managed",
      "type": "aws_efs_mount_target",
      "name": "efs_mount",
      "provider": "provider[\"registry.terraform.io/hashicorp/aws\"]",
      "instances": [
        {
          "schema_version": 0,
          "attributes": {
            "availability_zone_id": "euc1-az3",
            "availability_zone_name": "eu-central-1b",
            "dns_name": "fs-0bd0bcdc30fd89647.efs.eu-central-1.amazonaws.com",
            "file_system_arn": "arn:aws:elasticfilesystem:eu-central-1:693307425193:file-system/fs-0bd0bcdc30fd89647",
            "file_system_id": "fs-0bd0bcdc30fd89647",
            "id": "fsmt-01c4ecc9ee66d3fe6",
            "ip_address": "10.0.4.241",
            "mount_target_dns_name": "eu-central-1b.fs-0bd0bcdc30fd89647.efs.eu-central-1.amazonaws.com",
            "network_interface_id": "eni-03b10a6225b12ea46",
            "owner_id": "693307425193",
            "security_groups": [
              "sg-0fbf12610197c7aaa"
            ],
            "subnet_id": "subnet-0b9c359642a282079"
          },
          "sensitive_attributes": [],
          "private": "bnVsbA==",
          "dependencies": [
            "aws_efs_file_system.EFS1",
            "aws_security_group.NFS_sg",
            "aws_subnet.private_az2",
            "aws_vpc.vpc1",
            "data.aws_availability_zones.available"
          ]
        }
      ]
    },
    {
      "mode": "managed",
      "type": "aws_eip",
      "name": "bar",
      "provider": "provider[\"registry.terraform.io/hashicorp/aws\"]",
      "instances": [
        {
          "schema_version": 0,
          "attributes": {
            "address": null,
            "allocation_id": "eipalloc-0524dc532692772c5",
            "associate_with_private_ip": "10.0.0.12",
            "association_id": "",
            "carrier_ip": "",
            "customer_owned_ip": "",
            "customer_owned_ipv4_pool": "",
            "domain": "vpc",
            "id": "eipalloc-0524dc532692772c5",
            "instance": "",
            "network_border_group": "eu-central-1",
            "network_interface": "",
            "private_dns": null,
            "private_ip": "",
            "public_dns": "ec2-52-28-98-2.eu-central-1.compute.amazonaws.com",
            "public_ip": "52.28.98.2",
            "public_ipv4_pool": "amazon",
            "tags": {
              "Name": "my elastic IP",
              "Owner": "Yaroslav",
              "Project": "Pilot project"
            },
            "tags_all": {
              "Name": "my elastic IP",
              "Owner": "Yaroslav",
              "Project": "Pilot project"
            },
            "timeouts": null,
            "vpc": true
          },
          "sensitive_attributes": [],
          "private": "eyJlMmJmYjczMC1lY2FhLTExZTYtOGY4OC0zNDM2M2JjN2M0YzAiOnsiZGVsZXRlIjoxODAwMDAwMDAwMDAsInJlYWQiOjkwMDAwMDAwMDAwMCwidXBkYXRlIjozMDAwMDAwMDAwMDB9fQ==",
          "dependencies": [
            "aws_internet_gateway.main",
            "aws_vpc.vpc1"
          ]
        }
      ]
    },
    {
      "mode": "managed",
      "type": "aws_internet_gateway",
      "name": "main",
      "provider": "provider[\"registry.terraform.io/hashicorp/aws\"]",
      "instances": [
        {
          "schema_version": 0,
          "attributes": {
            "arn": "arn:aws:ec2:eu-central-1:693307425193:internet-gateway/igw-061e97da28b4c4353",
            "id": "igw-061e97da28b4c4353",
            "owner_id": "693307425193",
            "tags": {
              "Name": "My_internet_gateway",
              "Owner": "Yaroslav",
              "Project": "Pilot project"
            },
            "tags_all": {
              "Name": "My_internet_gateway",
              "Owner": "Yaroslav",
              "Project": "Pilot project"
            },
            "vpc_id": "vpc-0f142dcddb6edc979"
          },
          "sensitive_attributes": [],
          "private": "bnVsbA==",
          "dependencies": [
            "aws_vpc.vpc1"
          ],
          "create_before_destroy": true
        }
      ]
    },
    {
      "mode": "managed",
      "type": "aws_key_pair",
      "name": "deployer",
      "provider": "provider[\"registry.terraform.io/hashicorp/aws\"]",
      "instances": [
        {
          "schema_version": 1,
          "attributes": {
            "arn": "arn:aws:ec2:eu-central-1:693307425193:key-pair/deployer-key",
            "fingerprint": "d7:ff:a6:63:18:64:9c:57:a1:ee:ca:a4:ad:c2:81:62",
            "id": "deployer-key",
            "key_name": "deployer-key",
            "key_name_prefix": "",
            "key_pair_id": "key-0a8ebdfeac261ff2d",
            "public_key": "ssh-rsa AAAAB3NzaC1yc2EAAAADAQABAAABAQD3F6tyPEFEzV0LX3X8BsXdMsQz1x2cEikKDEY0aIj41qgxMCP/iteneqXSIFZBp5vizPvaoIR3Um9xK7PGoW8giupGn+EPuxIA4cDM4vzOqOkiMPhz5XK0whEjkVzTo4+S0puvDZuwIsdiW9mxhJc7tgBNL0cYlWSYVkz4G/fslNfRPW5mYAM49f4fhtxPb5ok4Q2Lg9dPKVHO/Bgeu5woMc7RY0p1ej6D4CKFE6lymSDJpW0YHX/wqE9+cfEauh7xZcG0q9t2ta6F6fmX0agvpFyZo8aFbXeUBr7osSCJNgvavWbM/06niWrOvYX2xwWdhXmXSrbX8ZbabVohBK41 email@example.com",
            "tags": {},
            "tags_all": {}
          },
          "sensitive_attributes": [],
          "private": "eyJzY2hlbWFfdmVyc2lvbiI6IjEifQ==",
          "create_before_destroy": true
        }
      ]
    },
    {
      "mode": "managed",
      "type": "aws_launch_configuration",
      "name": "my_webserver",
      "provider": "provider[\"registry.terraform.io/hashicorp/aws\"]",
      "instances": [
        {
          "schema_version": 0,
          "attributes": {
            "arn": "arn:aws:autoscaling:eu-central-1:693307425193:launchConfiguration:e2968951-1d70-48d2-84a2-9cdb729a199c:launchConfigurationName/WebServer-Highly-Available-LC-20220604180628083900000001",
            "associate_public_ip_address": false,
            "ebs_block_device": [],
            "ebs_optimized": false,
            "enable_monitoring": true,
            "ephemeral_block_device": [],
            "iam_instance_profile": "",
            "id": "WebServer-Highly-Available-LC-20220604180628083900000001",
            "image_id": "ami-09439f09c55136ecf",
            "instance_type": "t2.micro",
            "key_name": "deployer-key",
            "metadata_options": [],
            "name": "WebServer-Highly-Available-LC-20220604180628083900000001",
            "name_prefix": "WebServer-Highly-Available-LC-",
            "placement_tenancy": null,
            "root_block_device": [],
            "security_groups": [
              "sg-0259badc6e9186965"
            ],
            "spot_price": "",
            "user_data": "2513d5e280370f6454f04916e4f49ce4b6425933",
            "user_data_base64": null,
            "vpc_classic_link_id": "",
            "vpc_classic_link_security_groups": []
          },
          "sensitive_attributes": [],
          "private": "bnVsbA==",
          "dependencies": [
            "aws_key_pair.deployer",
            "aws_security_group.my_sg",
            "aws_vpc.vpc1",
            "data.aws_ami.latest_amazon_linux"
          ],
          "create_before_destroy": true
        }
      ]
    },
    {
      "mode": "managed",
      "type": "aws_nat_gateway",
      "name": "main",
      "provider": "provider[\"registry.terraform.io/hashicorp/aws\"]",
      "instances": [
        {
          "schema_version": 0,
          "attributes": {
            "allocation_id": "eipalloc-0524dc532692772c5",
            "connectivity_type": "public",
            "id": "nat-0d0c6754a4ffa18c0",
            "network_interface_id": "eni-0ef7fdb0af242e1ec",
            "private_ip": "10.0.3.112",
            "public_ip": "52.28.98.2",
            "subnet_id": "subnet-039393e6c6808d37f",
            "tags": {
              "Name": "my_NAT_gateway",
              "Owner": "Yaroslav",
              "Project": "Pilot project"
            },
            "tags_all": {
              "Name": "my_NAT_gateway",
              "Owner": "Yaroslav",
              "Project": "Pilot project"
            }
          },
          "sensitive_attributes": [],
          "private": "bnVsbA==",
          "dependencies": [
            "aws_eip.bar",
            "aws_internet_gateway.main",
            "aws_subnet.private_az1",
            "aws_vpc.vpc1",
            "data.aws_availability_zones.available"
          ]
        }
      ]
    },
    {
      "mode": "managed",
      "type": "aws_placement_group",
      "name": "test",
      "provider": "provider[\"registry.terraform.io/hashicorp/aws\"]",
      "instances": [
        {
          "schema_version": 0,
          "attributes": {
            "arn": "arn:aws:ec2:eu-central-1:693307425193:placement-group/test",
            "id": "test",
            "name": "test",
            "partition_count": 0,
            "placement_group_id": "pg-0d8f9a7c99c4b7c5c",
            "strategy": "spread",
            "tags": {},
            "tags_all": {}
          },
          "sensitive_attributes": [],
          "private": "bnVsbA==",
          "create_before_destroy": true
        }
      ]
    },
    {
      "mode": "managed",
      "type": "aws_security_group",
      "name": "DB",
      "provider": "provider[\"registry.terraform.io/hashicorp/aws\"]",
      "instances": [
        {
          "schema_version": 1,
          "attributes": {
            "arn": "arn:aws:ec2:eu-central-1:693307425193:security-group/sg-0e85f5934489650d9",
            "description": "Managed by Terraform",
            "egress": [],
            "id": "sg-0e85f5934489650d9",
            "ingress": [
              {
                "cidr_blocks": [
                  "10.0.0.0/16"
                ],
                "description": "",
                "from_port": 3306,
                "ipv6_cidr_blocks": [],
                "prefix_list_ids": [],
                "protocol": "tcp",
                "security_groups": [],
                "self": false,
                "to_port": 3306
              }
            ],
            "name": "Security Group for DB",
            "name_prefix": "",
            "owner_id": "693307425193",
            "revoke_rules_on_delete": false,
            "tags": {
              "CostCenter": "12345",
              "Name": "SecurityGroup for EFS",
              "Owner": "Yaroslav",
              "Project": "Pilot project",
              "base": "SecurityGroup"
            },
            "tags_all": {
              "CostCenter": "12345",
              "Name": "SecurityGroup for EFS",
              "Owner": "Yaroslav",
              "Project": "Pilot project",
              "base": "SecurityGroup"
            },
            "timeouts": null,
            "vpc_id": "vpc-0f142dcddb6edc979"
          },
          "sensitive_attributes": [],
          "private": "eyJlMmJmYjczMC1lY2FhLTExZTYtOGY4OC0zNDM2M2JjN2M0YzAiOnsiY3JlYXRlIjo2MDAwMDAwMDAwMDAsImRlbGV0ZSI6OTAwMDAwMDAwMDAwfSwic2NoZW1hX3ZlcnNpb24iOiIxIn0=",
          "dependencies": [
            "aws_vpc.vpc1"
          ]
        }
      ]
    },
    {
      "mode": "managed",
      "type": "aws_security_group",
      "name": "NFS_sg",
      "provider": "provider[\"registry.terraform.io/hashicorp/aws\"]",
      "instances": [
        {
          "schema_version": 1,
          "attributes": {
            "arn": "arn:aws:ec2:eu-central-1:693307425193:security-group/sg-0fbf12610197c7aaa",
            "description": "Managed by Terraform",
            "egress": [],
            "id": "sg-0fbf12610197c7aaa",
            "ingress": [
              {
                "cidr_blocks": [
                  "10.0.0.0/16"
                ],
                "description": "",
                "from_port": 2049,
                "ipv6_cidr_blocks": [],
                "prefix_list_ids": [],
                "protocol": "tcp",
                "security_groups": [],
                "self": false,
                "to_port": 2049
              }
            ],
            "name": "Security Group for EFS",
            "name_prefix": "",
            "owner_id": "693307425193",
            "revoke_rules_on_delete": false,
            "tags": {
              "CostCenter": "12345",
              "Name": "SecurityGroup for EFS",
              "Owner": "Yaroslav",
              "Project": "Pilot project",
              "base": "SecurityGroup"
            },
            "tags_all": {
              "CostCenter": "12345",
              "Name": "SecurityGroup for EFS",
              "Owner": "Yaroslav",
              "Project": "Pilot project",
              "base": "SecurityGroup"
            },
            "timeouts": null,
            "vpc_id": "vpc-0f142dcddb6edc979"
          },
          "sensitive_attributes": [],
          "private": "eyJlMmJmYjczMC1lY2FhLTExZTYtOGY4OC0zNDM2M2JjN2M0YzAiOnsiY3JlYXRlIjo2MDAwMDAwMDAwMDAsImRlbGV0ZSI6OTAwMDAwMDAwMDAwfSwic2NoZW1hX3ZlcnNpb24iOiIxIn0=",
          "dependencies": [
            "aws_vpc.vpc1"
          ]
        }
      ]
    },
    {
      "mode": "managed",
      "type": "aws_security_group",
      "name": "my_sg",
      "provider": "provider[\"registry.terraform.io/hashicorp/aws\"]",
      "instances": [
        {
          "schema_version": 1,
          "attributes": {
            "arn": "arn:aws:ec2:eu-central-1:693307425193:security-group/sg-0259badc6e9186965",
            "description": "Managed by Terraform",
            "egress": [
              {
                "cidr_blocks": [
                  "0.0.0.0/0"
                ],
                "description": "",
                "from_port": 0,
                "ipv6_cidr_blocks": [],
                "prefix_list_ids": [],
                "protocol": "-1",
                "security_groups": [],
                "self": false,
                "to_port": 0
              }
            ],
            "id": "sg-0259badc6e9186965",
            "ingress": [
              {
                "cidr_blocks": [
                  "0.0.0.0/0"
                ],
                "description": "",
                "from_port": 22,
                "ipv6_cidr_blocks": [],
                "prefix_list_ids": [],
                "protocol": "tcp",
                "security_groups": [],
                "self": false,
                "to_port": 22
              },
              {
                "cidr_blocks": [
                  "0.0.0.0/0"
                ],
                "description": "",
                "from_port": 443,
                "ipv6_cidr_blocks": [],
                "prefix_list_ids": [],
                "protocol": "tcp",
                "security_groups": [],
                "self": false,
                "to_port": 443
              },
              {
                "cidr_blocks": [
                  "0.0.0.0/0"
                ],
                "description": "",
                "from_port": 8080,
                "ipv6_cidr_blocks": [],
                "prefix_list_ids": [],
                "protocol": "tcp",
                "security_groups": [],
                "self": false,
                "to_port": 8080
              },
              {
                "cidr_blocks": [
                  "0.0.0.0/0"
                ],
                "description": "",
                "from_port": 80,
                "ipv6_cidr_blocks": [],
                "prefix_list_ids": [],
                "protocol": "tcp",
                "security_groups": [],
                "self": false,
                "to_port": 80
              }
            ],
            "name": "Base Security Group",
            "name_prefix": "",
            "owner_id": "693307425193",
            "revoke_rules_on_delete": false,
            "tags": {
              "CostCenter": "12345",
              "Name": "SecurityGroup for general",
              "Owner": "Yaroslav",
              "Project": "Pilot project",
              "base": "SecurityGroup"
            },
            "tags_all": {
              "CostCenter": "12345",
              "Name": "SecurityGroup for general",
              "Owner": "Yaroslav",
              "Project": "Pilot project",
              "base": "SecurityGroup"
            },
            "timeouts": null,
            "vpc_id": "vpc-0f142dcddb6edc979"
          },
          "sensitive_attributes": [],
          "private": "eyJlMmJmYjczMC1lY2FhLTExZTYtOGY4OC0zNDM2M2JjN2M0YzAiOnsiY3JlYXRlIjo2MDAwMDAwMDAwMDAsImRlbGV0ZSI6OTAwMDAwMDAwMDAwfSwic2NoZW1hX3ZlcnNpb24iOiIxIn0=",
          "dependencies": [
            "aws_vpc.vpc1"
          ],
          "create_before_destroy": true
        }
      ]
    },
    {
      "mode": "managed",
      "type": "aws_subnet",
      "name": "private_az1",
      "provider": "provider[\"registry.terraform.io/hashicorp/aws\"]",
      "instances": [
        {
          "schema_version": 1,
          "attributes": {
            "arn": "arn:aws:ec2:eu-central-1:693307425193:subnet/subnet-039393e6c6808d37f",
            "assign_ipv6_address_on_creation": false,
            "availability_zone": "eu-central-1a",
            "availability_zone_id": "euc1-az2",
            "cidr_block": "10.0.3.0/24",
            "customer_owned_ipv4_pool": "",
            "enable_dns64": false,
            "enable_resource_name_dns_a_record_on_launch": false,
            "enable_resource_name_dns_aaaa_record_on_launch": false,
            "id": "subnet-039393e6c6808d37f",
            "ipv6_cidr_block": "",
            "ipv6_cidr_block_association_id": "",
            "ipv6_native": false,
            "map_customer_owned_ip_on_launch": false,
            "map_public_ip_on_launch": false,
            "outpost_arn": "",
            "owner_id": "693307425193",
            "private_dns_hostname_type_on_launch": "ip-name",
            "tags": {
              "Name": "private subnet in az1",
              "Owner": "Yaroslav",
              "Project": "Pilot project"
            },
            "tags_all": {
              "Name": "private subnet in az1",
              "Owner": "Yaroslav",
              "Project": "Pilot project"
            },
            "timeouts": null,
            "vpc_id": "vpc-0f142dcddb6edc979"
          },
          "sensitive_attributes": [],
          "private": "eyJlMmJmYjczMC1lY2FhLTExZTYtOGY4OC0zNDM2M2JjN2M0YzAiOnsiY3JlYXRlIjo2MDAwMDAwMDAwMDAsImRlbGV0ZSI6MTIwMDAwMDAwMDAwMH0sInNjaGVtYV92ZXJzaW9uIjoiMSJ9",
          "dependencies": [
            "aws_vpc.vpc1",
            "data.aws_availability_zones.available"
          ]
        }
      ]
    },
    {
      "mode": "managed",
      "type": "aws_subnet",
      "name": "private_az2",
      "provider": "provider[\"registry.terraform.io/hashicorp/aws\"]",
      "instances": [
        {
          "schema_version": 1,
          "attributes": {
            "arn": "arn:aws:ec2:eu-central-1:693307425193:subnet/subnet-0b9c359642a282079",
            "assign_ipv6_address_on_creation": false,
            "availability_zone": "eu-central-1b",
            "availability_zone_id": "euc1-az3",
            "cidr_block": "10.0.4.0/24",
            "customer_owned_ipv4_pool": "",
            "enable_dns64": false,
            "enable_resource_name_dns_a_record_on_launch": false,
            "enable_resource_name_dns_aaaa_record_on_launch": false,
            "id": "subnet-0b9c359642a282079",
            "ipv6_cidr_block": "",
            "ipv6_cidr_block_association_id": "",
            "ipv6_native": false,
            "map_customer_owned_ip_on_launch": false,
            "map_public_ip_on_launch": false,
            "outpost_arn": "",
            "owner_id": "693307425193",
            "private_dns_hostname_type_on_launch": "ip-name",
            "tags": {
              "Name": "private subnet in az2",
              "Owner": "Yaroslav",
              "Project": "Pilot project"
            },
            "tags_all": {
              "Name": "private subnet in az2",
              "Owner": "Yaroslav",
              "Project": "Pilot project"
            },
            "timeouts": null,
            "vpc_id": "vpc-0f142dcddb6edc979"
          },
          "sensitive_attributes": [],
          "private": "eyJlMmJmYjczMC1lY2FhLTExZTYtOGY4OC0zNDM2M2JjN2M0YzAiOnsiY3JlYXRlIjo2MDAwMDAwMDAwMDAsImRlbGV0ZSI6MTIwMDAwMDAwMDAwMH0sInNjaGVtYV92ZXJzaW9uIjoiMSJ9",
          "dependencies": [
            "aws_vpc.vpc1",
            "data.aws_availability_zones.available"
          ],
          "create_before_destroy": true
        },
        {
          "deposed": "ad510d48",
          "schema_version": 1,
          "attributes": {
            "arn": "arn:aws:ec2:eu-central-1:693307425193:subnet/subnet-0dc5a4dea1eef2a3b",
            "assign_ipv6_address_on_creation": false,
            "availability_zone": "eu-central-1b",
            "availability_zone_id": "euc1-az3",
            "cidr_block": "10.0.1.0/24",
            "customer_owned_ipv4_pool": "",
            "enable_dns64": false,
            "enable_resource_name_dns_a_record_on_launch": false,
            "enable_resource_name_dns_aaaa_record_on_launch": false,
            "id": "subnet-0dc5a4dea1eef2a3b",
            "ipv6_cidr_block": "",
            "ipv6_cidr_block_association_id": "",
            "ipv6_native": false,
            "map_customer_owned_ip_on_launch": false,
            "map_public_ip_on_launch": false,
            "outpost_arn": "",
            "owner_id": "693307425193",
            "private_dns_hostname_type_on_launch": "ip-name",
            "tags": {
              "Name": "private subnet in az2",
              "Owner": "Yaroslav",
              "Project": "Pilot project"
            },
            "tags_all": {
              "Name": "private subnet in az2",
              "Owner": "Yaroslav",
              "Project": "Pilot project"
            },
            "timeouts": null,
            "vpc_id": "vpc-0f142dcddb6edc979"
          },
          "sensitive_attributes": [],
          "private": "eyJlMmJmYjczMC1lY2FhLTExZTYtOGY4OC0zNDM2M2JjN2M0YzAiOnsiY3JlYXRlIjo2MDAwMDAwMDAwMDAsImRlbGV0ZSI6MTIwMDAwMDAwMDAwMH0sInNjaGVtYV92ZXJzaW9uIjoiMSJ9",
          "dependencies": [
            "aws_internet_gateway.main",
            "aws_vpc.vpc1",
            "data.aws_availability_zones.available"
          ],
          "create_before_destroy": true
        }
      ]
    },
    {
      "mode": "managed",
      "type": "aws_subnet",
      "name": "public_az1",
      "provider": "provider[\"registry.terraform.io/hashicorp/aws\"]",
      "instances": [
        {
          "schema_version": 1,
          "attributes": {
            "arn": "arn:aws:ec2:eu-central-1:693307425193:subnet/subnet-0b16c0ba660184414",
            "assign_ipv6_address_on_creation": false,
            "availability_zone": "eu-central-1a",
            "availability_zone_id": "euc1-az2",
            "cidr_block": "10.0.0.0/24",
            "customer_owned_ipv4_pool": "",
            "enable_dns64": false,
            "enable_resource_name_dns_a_record_on_launch": false,
            "enable_resource_name_dns_aaaa_record_on_launch": false,
            "id": "subnet-0b16c0ba660184414",
            "ipv6_cidr_block": "",
            "ipv6_cidr_block_association_id": "",
            "ipv6_native": false,
            "map_customer_owned_ip_on_launch": false,
            "map_public_ip_on_launch": true,
            "outpost_arn": "",
            "owner_id": "693307425193",
            "private_dns_hostname_type_on_launch": "ip-name",
            "tags": {
              "Name": "public subnet in az1",
              "Owner": "Yaroslav",
              "Project": "Pilot project"
            },
            "tags_all": {
              "Name": "public subnet in az1",
              "Owner": "Yaroslav",
              "Project": "Pilot project"
            },
            "timeouts": null,
            "vpc_id": "vpc-0f142dcddb6edc979"
          },
          "sensitive_attributes": [],
          "private": "eyJlMmJmYjczMC1lY2FhLTExZTYtOGY4OC0zNDM2M2JjN2M0YzAiOnsiY3JlYXRlIjo2MDAwMDAwMDAwMDAsImRlbGV0ZSI6MTIwMDAwMDAwMDAwMH0sInNjaGVtYV92ZXJzaW9uIjoiMSJ9",
          "dependencies": [
            "aws_internet_gateway.main",
            "aws_vpc.vpc1",
            "data.aws_availability_zones.available"
          ],
          "create_before_destroy": true
        }
      ]
    },
    {
      "mode": "managed",
      "type": "aws_subnet",
      "name": "public_az2",
      "provider": "provider[\"registry.terraform.io/hashicorp/aws\"]",
      "instances": [
        {
          "schema_version": 1,
          "attributes": {
            "arn": "arn:aws:ec2:eu-central-1:693307425193:subnet/subnet-0615cae85cac0686f",
            "assign_ipv6_address_on_creation": false,
            "availability_zone": "eu-central-1b",
            "availability_zone_id": "euc1-az3",
            "cidr_block": "10.0.2.0/24",
            "customer_owned_ipv4_pool": "",
            "enable_dns64": false,
            "enable_resource_name_dns_a_record_on_launch": false,
            "enable_resource_name_dns_aaaa_record_on_launch": false,
            "id": "subnet-0615cae85cac0686f",
            "ipv6_cidr_block": "",
            "ipv6_cidr_block_association_id": "",
            "ipv6_native": false,
            "map_customer_owned_ip_on_launch": false,
            "map_public_ip_on_launch": true,
            "outpost_arn": "",
            "owner_id": "693307425193",
            "private_dns_hostname_type_on_launch": "ip-name",
            "tags": {
              "Name": "public subnet in az2",
              "Owner": "Yaroslav",
              "Project": "Pilot project"
            },
            "tags_all": {
              "Name": "public subnet in az2",
              "Owner": "Yaroslav",
              "Project": "Pilot project"
            },
            "timeouts": null,
            "vpc_id": "vpc-0f142dcddb6edc979"
          },
          "sensitive_attributes": [],
          "private": "eyJlMmJmYjczMC1lY2FhLTExZTYtOGY4OC0zNDM2M2JjN2M0YzAiOnsiY3JlYXRlIjo2MDAwMDAwMDAwMDAsImRlbGV0ZSI6MTIwMDAwMDAwMDAwMH0sInNjaGVtYV92ZXJzaW9uIjoiMSJ9",
          "dependencies": [
            "aws_internet_gateway.main",
            "aws_vpc.vpc1",
            "data.aws_availability_zones.available"
          ]
        }
      ]
    },
    {
      "mode": "managed",
      "type": "aws_vpc",
      "name": "vpc1",
      "provider": "provider[\"registry.terraform.io/hashicorp/aws\"]",
      "instances": [
        {
          "schema_version": 1,
          "attributes": {
            "arn": "arn:aws:ec2:eu-central-1:693307425193:vpc/vpc-0f142dcddb6edc979",
            "assign_generated_ipv6_cidr_block": false,
            "cidr_block": "10.0.0.0/16",
            "default_network_acl_id": "acl-0457e660e4f37674e",
            "default_route_table_id": "rtb-06ec857d52b41d21e",
            "default_security_group_id": "sg-0501569ef0bb0a2fb",
            "dhcp_options_id": "dopt-0f5c318eeb21b5fe3",
            "enable_classiclink": false,
            "enable_classiclink_dns_support": false,
            "enable_dns_hostnames": true,
            "enable_dns_support": true,
            "id": "vpc-0f142dcddb6edc979",
            "instance_tenancy": "default",
            "ipv4_ipam_pool_id": null,
            "ipv4_netmask_length": null,
            "ipv6_association_id": "",
            "ipv6_cidr_block": "",
            "ipv6_cidr_block_network_border_group": "",
            "ipv6_ipam_pool_id": "",
            "ipv6_netmask_length": 0,
            "main_route_table_id": "rtb-06ec857d52b41d21e",
            "owner_id": "693307425193",
            "tags": {
              "Name": "VPC_1",
              "Owner": "Yaroslav",
              "Project": "Pilot project"
            },
            "tags_all": {
              "Name": "VPC_1",
              "Owner": "Yaroslav",
              "Project": "Pilot project"
            }
          },
          "sensitive_attributes": [],
          "private": "eyJzY2hlbWFfdmVyc2lvbiI6IjEifQ==",
          "create_before_destroy": true
        }
      ]
    }
  ]
}
